
Microsoft Visual Studio Solution File, Format Version 12.00
# Visual Studio Version 17
VisualStudioVersion = 17.4.33122.133
MinimumVisualStudioVersion = 10.0.40219.1
Project("{9A19103F-16F7-4668-BE54-9A1E7A4F7556}") = "TatterFitness.Bll", "shared\TatterFitness.Bll\TatterFitness.Bll.csproj", "{74928E0B-0659-4AE2-8E32-B519E7CC9A9F}"
EndProject
Project("{9A19103F-16F7-4668-BE54-9A1E7A4F7556}") = "TatterFitness.Models", "shared\TatterFitness.Models\TatterFitness.Models.csproj", "{5DFF97B3-6F10-4FBD-8224-531410631390}"
EndProject
Project("{9A19103F-16F7-4668-BE54-9A1E7A4F7556}") = "TatterFitness.Dal", "shared\TatterFitness.Dal\TatterFitness.Dal.csproj", "{F77E47FF-698E-451A-9A15-D444D6E9DE27}"
EndProject
Project("{9A19103F-16F7-4668-BE54-9A1E7A4F7556}") = "TatterFitness.Videos", "TatterFitness.Videos\TatterFitness.Videos.csproj", "{7576A6E4-BEF0-4436-850F-EA3EB7D2AC7C}"
EndProject
Global
	GlobalSection(SolutionConfigurationPlatforms) = preSolution
		Debug|Any CPU = Debug|Any CPU
		Release|Any CPU = Release|Any CPU
	EndGlobalSection
	GlobalSection(ProjectConfigurationPlatforms) = postSolution
		{74928E0B-0659-4AE2-8E32-B519E7CC9A9F}.Debug|Any CPU.ActiveCfg = Debug|Any CPU
		{74928E0B-0659-4AE2-8E32-B519E7CC9A9F}.Debug|Any CPU.Build.0 = Debug|Any CPU
		{74928E0B-0659-4AE2-8E32-B519E7CC9A9F}.Release|Any CPU.ActiveCfg = Release|Any CPU
		{74928E0B-0659-4AE2-8E32-B519E7CC9A9F}.Release|Any CPU.Build.0 = Release|Any CPU
		{5DFF97B3-6F10-4FBD-8224-531410631390}.Debug|Any CPU.ActiveCfg = Debug|Any CPU
		{5DFF97B3-6F10-4FBD-8224-531410631390}.Debug|Any CPU.Build.0 = Debug|Any CPU
		{5DFF97B3-6F10-4FBD-8224-531410631390}.Release|Any CPU.ActiveCfg = Release|Any CPU
		{5DFF97B3-6F10-4FBD-8224-531410631390}.Release|Any CPU.Build.0 = Release|Any CPU
		{F77E47FF-698E-451A-9A15-D444D6E9DE27}.Debug|Any CPU.ActiveCfg = Debug|Any CPU
		{F77E47FF-698E-451A-9A15-D444D6E9DE27}.Debug|Any CPU.Build.0 = Debug|Any CPU
		{F77E47FF-698E-451A-9A15-D444D6E9DE27}.Release|Any CPU.ActiveCfg = Release|Any CPU
		{F77E47FF-698E-451A-9A15-D444D6E9DE27}.Release|Any CPU.Build.0 = Release|Any CPU
		{7576A6E4-BEF0-4436-850F-EA3EB7D2AC7C}.Debug|Any CPU.ActiveCfg = Debug|Any CPU
		{7576A6E4-BEF0-4436-850F-EA3EB7D2AC7C}.Debug|Any CPU.Build.0 = Debug|Any CPU
		{7576A6E4-BEF0-4436-850F-EA3EB7D2AC7C}.Release|Any CPU.ActiveCfg = Release|Any CPU
		{7576A6E4-BEF0-4436-850F-EA3EB7D2AC7C}.Release|Any CPU.Build.0 = Release|Any CPU
	EndGlobalSection
	GlobalSection(SolutionProperties) = preSolution
		HideSolutionNode = FALSE
	EndGlobalSection
	GlobalSection(ExtensibilityGlobals) = postSolution
		SolutionGuid = {43B8CC2C-0097-44D6-A014-7CAD852EE899}
	EndGlobalSection
EndGlobal
